{
    "version": 3,
    "terraform_version": "0.9.2",
    "serial": 14,
    "lineage": "da64a556-5d58-4a05-9f67-1e2b30ada882",
    "modules": [
        {
            "path": [
                "root"
            ],
            "outputs": {
                "ip": {
                    "sensitive": false,
                    "type": "string",
                    "value": "54.226.132.222"
                }
            },
            "resources": {
                "aws_instance.mnadol": {
                    "type": "aws_instance",
                    "depends_on": [
                        "aws_key_pair.mnadolkey",
                        "aws_security_group.mnadol-allow-ssh",
                        "aws_subnet.mnadol-public-1",
                        "data.template_cloudinit_config.cloudinit-example"
                    ],
                    "primary": {
                        "id": "i-09f0585279a5c342a",
                        "attributes": {
                            "ami": "ami-80861296",
                            "associate_public_ip_address": "true",
                            "availability_zone": "us-east-1a",
                            "disable_api_termination": "false",
                            "ebs_block_device.#": "0",
                            "ebs_optimized": "false",
                            "ephemeral_block_device.#": "0",
                            "iam_instance_profile": "",
                            "id": "i-09f0585279a5c342a",
                            "instance_state": "running",
                            "instance_type": "t2.micro",
                            "ipv6_address_count": "0",
                            "ipv6_addresses.#": "0",
                            "key_name": "mnadolkey",
                            "monitoring": "false",
                            "network_interface_id": "eni-d0d99b0d",
                            "private_dns": "ip-10-0-1-213.ec2.internal",
                            "private_ip": "10.0.1.213",
                            "public_dns": "ec2-54-226-132-222.compute-1.amazonaws.com",
                            "public_ip": "54.226.132.222",
                            "root_block_device.#": "1",
                            "root_block_device.0.delete_on_termination": "true",
                            "root_block_device.0.iops": "100",
                            "root_block_device.0.volume_size": "8",
                            "root_block_device.0.volume_type": "gp2",
                            "security_groups.#": "0",
                            "source_dest_check": "true",
                            "subnet_id": "subnet-755bf72f",
                            "tags.%": "1",
                            "tags.Name": "mnadol-TR-instance",
                            "tenancy": "default",
                            "user_data": "e8ef530ad4744c4008d27507f2fea163d667043f",
                            "vpc_security_group_ids.#": "1",
                            "vpc_security_group_ids.1113301020": "sg-cdba76bc"
                        },
                        "meta": {
                            "schema_version": "1"
                        },
                        "tainted": false
                    },
                    "deposed": [],
                    "provider": ""
                },
                "aws_internet_gateway.mnadol-VPC-gw": {
                    "type": "aws_internet_gateway",
                    "depends_on": [
                        "aws_vpc.mnadol-VPC"
                    ],
                    "primary": {
                        "id": "igw-481a7e2e",
                        "attributes": {
                            "id": "igw-481a7e2e",
                            "tags.%": "1",
                            "tags.Name": "mnadol-GW",
                            "vpc_id": "vpc-98862ce1"
                        },
                        "meta": {},
                        "tainted": false
                    },
                    "deposed": [],
                    "provider": ""
                },
                "aws_key_pair.mnadolkey": {
                    "type": "aws_key_pair",
                    "depends_on": [],
                    "primary": {
                        "id": "mnadolkey",
                        "attributes": {
                            "id": "mnadolkey",
                            "key_name": "mnadolkey",
                            "public_key": "ssh-rsa AAAAB3NzaC1yc2EAAAADAQABAAABAQCoK7AuAVXH5R6kYTyrIdbOOS8WG/orOYyOVkjZvI2oPSfblQHACB1OTLlSFG2bZPCPO6WqjcaF0ZkVJrrUYsH2KceqWOp/6lm6Ze1waqkGqHcJcGwnQi3RZP4YV4di06q9tcyo5DewTCJ1TiqDvOvJH096wwrQxs8GkaQF0eKySnMJUBFAPfMSUaxB2bcEtUWuUre6BlQW6AoyhklTRiJO3T5Gz0jsTswAshXie2dJetS9Lwu9fARcgE3dv3uVCXTDH/IHtXtlaG+NcjaikZzZBx5f6UV7IPcXAI8NEyxJCayywkDvzPITuDXQESvfiNz+ecZLbbhX6Na+6/7oDYWz ubuntu@ubuntu-xenial"
                        },
                        "meta": {
                            "schema_version": "1"
                        },
                        "tainted": false
                    },
                    "deposed": [],
                    "provider": ""
                },
                "aws_route_table.mnadol-public": {
                    "type": "aws_route_table",
                    "depends_on": [
                        "aws_internet_gateway.mnadol-VPC-gw",
                        "aws_vpc.mnadol-VPC"
                    ],
                    "primary": {
                        "id": "rtb-418ef839",
                        "attributes": {
                            "id": "rtb-418ef839",
                            "propagating_vgws.#": "0",
                            "route.#": "1",
                            "route.3917121628.cidr_block": "0.0.0.0/0",
                            "route.3917121628.egress_only_gateway_id": "",
                            "route.3917121628.gateway_id": "igw-481a7e2e",
                            "route.3917121628.instance_id": "",
                            "route.3917121628.ipv6_cidr_block": "",
                            "route.3917121628.nat_gateway_id": "",
                            "route.3917121628.network_interface_id": "",
                            "route.3917121628.vpc_peering_connection_id": "",
                            "tags.%": "1",
                            "tags.Name": "mnadol-public-1",
                            "vpc_id": "vpc-98862ce1"
                        },
                        "meta": {},
                        "tainted": false
                    },
                    "deposed": [],
                    "provider": ""
                },
                "aws_route_table_association.mnadol-public-1": {
                    "type": "aws_route_table_association",
                    "depends_on": [
                        "aws_route_table.mnadol-public",
                        "aws_subnet.mnadol-public-1"
                    ],
                    "primary": {
                        "id": "rtbassoc-ab93ccd0",
                        "attributes": {
                            "id": "rtbassoc-ab93ccd0",
                            "route_table_id": "rtb-418ef839",
                            "subnet_id": "subnet-755bf72f"
                        },
                        "meta": {},
                        "tainted": false
                    },
                    "deposed": [],
                    "provider": ""
                },
                "aws_security_group.mnadol-allow-ssh": {
                    "type": "aws_security_group",
                    "depends_on": [
                        "aws_vpc.mnadol-VPC"
                    ],
                    "primary": {
                        "id": "sg-cdba76bc",
                        "attributes": {
                            "description": "security group that allows ssh and all egress traffic",
                            "egress.#": "1",
                            "egress.482069346.cidr_blocks.#": "1",
                            "egress.482069346.cidr_blocks.0": "0.0.0.0/0",
                            "egress.482069346.from_port": "0",
                            "egress.482069346.ipv6_cidr_blocks.#": "0",
                            "egress.482069346.prefix_list_ids.#": "0",
                            "egress.482069346.protocol": "-1",
                            "egress.482069346.security_groups.#": "0",
                            "egress.482069346.self": "false",
                            "egress.482069346.to_port": "0",
                            "id": "sg-cdba76bc",
                            "ingress.#": "1",
                            "ingress.2541437006.cidr_blocks.#": "1",
                            "ingress.2541437006.cidr_blocks.0": "0.0.0.0/0",
                            "ingress.2541437006.from_port": "22",
                            "ingress.2541437006.ipv6_cidr_blocks.#": "0",
                            "ingress.2541437006.protocol": "tcp",
                            "ingress.2541437006.security_groups.#": "0",
                            "ingress.2541437006.self": "false",
                            "ingress.2541437006.to_port": "22",
                            "name": "mnadol-allow-ssh",
                            "owner_id": "206589218483",
                            "tags.%": "1",
                            "tags.Name": "mnadol-allow-ssh",
                            "vpc_id": "vpc-98862ce1"
                        },
                        "meta": {},
                        "tainted": false
                    },
                    "deposed": [],
                    "provider": ""
                },
                "aws_subnet.mnadol-private-1": {
                    "type": "aws_subnet",
                    "depends_on": [
                        "aws_vpc.mnadol-VPC"
                    ],
                    "primary": {
                        "id": "subnet-8b6b65ee",
                        "attributes": {
                            "assign_ipv6_address_on_creation": "false",
                            "availability_zone": "us-east-1b",
                            "cidr_block": "10.0.2.0/24",
                            "id": "subnet-8b6b65ee",
                            "map_public_ip_on_launch": "false",
                            "tags.%": "1",
                            "tags.Name": "mnadol-private-1",
                            "vpc_id": "vpc-98862ce1"
                        },
                        "meta": {},
                        "tainted": false
                    },
                    "deposed": [],
                    "provider": ""
                },
                "aws_subnet.mnadol-public-1": {
                    "type": "aws_subnet",
                    "depends_on": [
                        "aws_vpc.mnadol-VPC"
                    ],
                    "primary": {
                        "id": "subnet-755bf72f",
                        "attributes": {
                            "assign_ipv6_address_on_creation": "false",
                            "availability_zone": "us-east-1a",
                            "cidr_block": "10.0.1.0/24",
                            "id": "subnet-755bf72f",
                            "map_public_ip_on_launch": "true",
                            "tags.%": "1",
                            "tags.Name": "mnadol-public-1",
                            "vpc_id": "vpc-98862ce1"
                        },
                        "meta": {},
                        "tainted": false
                    },
                    "deposed": [],
                    "provider": ""
                },
                "aws_vpc.mnadol-VPC": {
                    "type": "aws_vpc",
                    "depends_on": [],
                    "primary": {
                        "id": "vpc-98862ce1",
                        "attributes": {
                            "assign_generated_ipv6_cidr_block": "false",
                            "cidr_block": "10.0.0.0/16",
                            "default_network_acl_id": "acl-b75001ce",
                            "default_route_table_id": "rtb-ad82f4d5",
                            "default_security_group_id": "sg-61b87410",
                            "dhcp_options_id": "dopt-10b25076",
                            "enable_classiclink": "false",
                            "enable_dns_hostnames": "true",
                            "enable_dns_support": "true",
                            "id": "vpc-98862ce1",
                            "instance_tenancy": "default",
                            "main_route_table_id": "rtb-ad82f4d5",
                            "tags.%": "1",
                            "tags.Name": "mnadol-VPC"
                        },
                        "meta": {
                            "schema_version": "1"
                        },
                        "tainted": false
                    },
                    "deposed": [],
                    "provider": ""
                },
                "data.template_cloudinit_config.cloudinit-example": {
                    "type": "template_cloudinit_config",
                    "depends_on": [
                        "data.template_file.init-script"
                    ],
                    "primary": {
                        "id": "1697452276",
                        "attributes": {
                            "base64_encode": "false",
                            "gzip": "false",
                            "id": "1697452276",
                            "part.#": "1",
                            "part.0.content": "#cloud-config\n\nrepo_update: true\nrepo_upgrade: all\n\npackages:\n  - docker.io\n  - lvm2\n  \nruncmd:\n  - [ systemctl, daemon-reload ]\n  - [ systemctl, enable, docker.service ]\n  - [ systemctl, start, --no-block, docker.service ]\n\noutput:\n  all: '| tee -a /var/log/cloud-init-output.log'\n",
                            "part.0.content_type": "text/cloud-config",
                            "part.0.filename": "init.cfg",
                            "part.0.merge_type": "",
                            "rendered": "Content-Type: multipart/mixed; boundary=\"MIMEBOUNDARY\"\nMIME-Version: 1.0\r\n--MIMEBOUNDARY\r\nContent-Disposition: attachment; filename=\"init.cfg\"\r\nContent-Transfer-Encoding: 7bit\r\nContent-Type: text/cloud-config\r\nMime-Version: 1.0\r\n\r\n#cloud-config\n\nrepo_update: true\nrepo_upgrade: all\n\npackages:\n  - docker.io\n  - lvm2\n  \nruncmd:\n  - [ systemctl, daemon-reload ]\n  - [ systemctl, enable, docker.service ]\n  - [ systemctl, start, --no-block, docker.service ]\n\noutput:\n  all: '| tee -a /var/log/cloud-init-output.log'\n\r\n--MIMEBOUNDARY--\r\n"
                        },
                        "meta": {},
                        "tainted": false
                    },
                    "deposed": [],
                    "provider": ""
                },
                "data.template_file.init-script": {
                    "type": "template_file",
                    "depends_on": [],
                    "primary": {
                        "id": "bcabf12bbebebbb19e57156912c7e84ba8743ca0ab9512806dc7732ade0a2392",
                        "attributes": {
                            "id": "bcabf12bbebebbb19e57156912c7e84ba8743ca0ab9512806dc7732ade0a2392",
                            "rendered": "#cloud-config\n\nrepo_update: true\nrepo_upgrade: all\n\npackages:\n  - docker.io\n  - lvm2\n  \nruncmd:\n  - [ systemctl, daemon-reload ]\n  - [ systemctl, enable, docker.service ]\n  - [ systemctl, start, --no-block, docker.service ]\n\noutput:\n  all: '| tee -a /var/log/cloud-init-output.log'\n",
                            "template": "#cloud-config\n\nrepo_update: true\nrepo_upgrade: all\n\npackages:\n  - docker.io\n  - lvm2\n  \nruncmd:\n  - [ systemctl, daemon-reload ]\n  - [ systemctl, enable, docker.service ]\n  - [ systemctl, start, --no-block, docker.service ]\n\noutput:\n  all: '| tee -a /var/log/cloud-init-output.log'\n",
                            "vars.%": "1",
                            "vars.REGION": "us-east-1"
                        },
                        "meta": {},
                        "tainted": false
                    },
                    "deposed": [],
                    "provider": ""
                }
            },
            "depends_on": []
        }
    ]
}
